<?xml version="1.0" encoding="utf-8"?>
<Project ToolsVersion="4.0" xmlns="http://schemas.microsoft.com/developer/msbuild/2003">
  <ItemGroup>
    <Filter Include="Source Files">
      <UniqueIdentifier>{4FC737F1-C7A5-4376-A066-2A32D752A2FF}</UniqueIdentifier>
      <Extensions>cpp;c;cc;cxx;c++;cppm;ixx;def;odl;idl;hpj;bat;asm;asmx</Extensions>
    </Filter>
    <Filter Include="Header Files">
      <UniqueIdentifier>{93995380-89BD-4b04-88EB-625FBE52EBFB}</UniqueIdentifier>
      <Extensions>h;hh;hpp;hxx;h++;hm;inl;inc;ipp;xsd</Extensions>
    </Filter>
    <Filter Include="Resource Files">
      <UniqueIdentifier>{67DA6AB6-F800-4c08-8B7A-83BB121AAD01}</UniqueIdentifier>
      <Extensions>rc;ico;cur;bmp;dlg;rc2;rct;bin;rgs;gif;jpg;jpeg;jpe;resx;tiff;tif;png;wav;mfcribbon-ms</Extensions>
    </Filter>
  </ItemGroup>
  <ItemGroup>
    <ClCompile Include="vRenderer\src\main.cpp">
      <Filter>Source Files</Filter>
    </ClCompile>
    <ClCompile Include="vRenderer\src\Mesh.cpp">
      <Filter>Source Files</Filter>
    </ClCompile>
    <ClCompile Include="vRenderer\src\Model.cpp">
      <Filter>Source Files</Filter>
    </ClCompile>
    <ClCompile Include="vRenderer\src\vulkan\VkMesh.cpp">
      <Filter>Source Files</Filter>
    </ClCompile>
    <ClCompile Include="vRenderer\src\vulkan\VulkanRenderer.cpp">
      <Filter>Source Files</Filter>
    </ClCompile>
    <ClCompile Include="vRenderer\externals\imgui\backends\imgui_impl_glfw.cpp">
      <Filter>Source Files</Filter>
    </ClCompile>
    <ClCompile Include="vRenderer\externals\imgui\backends\imgui_impl_vulkan.cpp">
      <Filter>Source Files</Filter>
    </ClCompile>
    <ClCompile Include="vRenderer\externals\imgui\imgui.cpp">
      <Filter>Source Files</Filter>
    </ClCompile>
    <ClCompile Include="vRenderer\externals\imgui\imgui_demo.cpp">
      <Filter>Source Files</Filter>
    </ClCompile>
    <ClCompile Include="vRenderer\externals\imgui\imgui_draw.cpp">
      <Filter>Source Files</Filter>
    </ClCompile>
    <ClCompile Include="vRenderer\externals\imgui\imgui_stdlib.cpp">
      <Filter>Source Files</Filter>
    </ClCompile>
    <ClCompile Include="vRenderer\externals\imgui\imgui_tables.cpp">
      <Filter>Source Files</Filter>
    </ClCompile>
    <ClCompile Include="vRenderer\externals\imgui\imgui_widgets.cpp">
      <Filter>Source Files</Filter>
    </ClCompile>
    <ClCompile Include="vRenderer\src\OrbitCamera.cpp">
      <Filter>Source Files</Filter>
    </ClCompile>
    <ClCompile Include="vRenderer\src\Application.cpp">
      <Filter>Source Files</Filter>
    </ClCompile>
    <ClCompile Include="vRenderer\src\AppContext.cpp">
      <Filter>Source Files</Filter>
    </ClCompile>
    <ClCompile Include="vRenderer\src\VkModel.cpp">
      <Filter>Source Files</Filter>
    </ClCompile>
    <ClCompile Include="vRenderer\src\vulkan\VkTexture.cpp">
      <Filter>Source Files</Filter>
    </ClCompile>
    <ClCompile Include="vRenderer\src\BaseCamera.cpp">
      <Filter>Source Files</Filter>
    </ClCompile>
    <ClCompile Include="vRenderer\src\FpvCamera.cpp">
      <Filter>Source Files</Filter>
    </ClCompile>
    <ClCompile Include="vRenderer\src\input_handler.cpp">
      <Filter>Source Files</Filter>
    </ClCompile>
    <ClCompile Include="vRenderer\src\glad.c">
      <Filter>Source Files</Filter>
    </ClCompile>
    <ClCompile Include="vRenderer\src\OpenGLRenderer.cpp">
      <Filter>Source Files</Filter>
    </ClCompile>
    <ClCompile Include="vRenderer\src\opengl\GLMesh.cpp">
      <Filter>Source Files</Filter>
    </ClCompile>
    <ClCompile Include="vRenderer\src\opengl\GLTexture.cpp">
      <Filter>Source Files</Filter>
    </ClCompile>
    <ClCompile Include="vRenderer\src\GLModel.cpp">
      <Filter>Source Files</Filter>
    </ClCompile>
    <ClCompile Include="vRenderer\externals\imgui\backends\imgui_impl_opengl3.cpp">
      <Filter>Source Files</Filter>
    </ClCompile>
    <ClCompile Include="vRenderer\include\opengl\GLShader.cpp">
      <Filter>Source Files</Filter>
    </ClCompile>
    <ClCompile Include="vRenderer\include\Material.cpp">
      <Filter>Source Files</Filter>
    </ClCompile>
    <ClCompile Include="vRenderer\include\GLMaterial.cpp">
      <Filter>Source Files</Filter>
    </ClCompile>
    <ClCompile Include="vRenderer\src\vulkan\VkMaterial.cpp">
      <Filter>Source Files</Filter>
    </ClCompile>
    <ClCompile Include="vRenderer\src\vulkan\VkUniform.ipp">
      <Filter>Header Files</Filter>
    </ClCompile>
  </ItemGroup>
  <ItemGroup>
    <ClInclude Include="vRenderer\include\Mesh.h">
      <Filter>Header Files</Filter>
    </ClInclude>
    <ClInclude Include="vRenderer\include\Model.h">
      <Filter>Header Files</Filter>
    </ClInclude>
    <ClInclude Include="vRenderer\include\geometry_settings.h">
      <Filter>Header Files</Filter>
    </ClInclude>
    <ClInclude Include="vRenderer\include\utils.h">
      <Filter>Header Files</Filter>
    </ClInclude>
    <ClInclude Include="vRenderer\include\stb_image.h">
      <Filter>Header Files</Filter>
    </ClInclude>
    <ClInclude Include="vRenderer\include\vulkan\VkMesh.h">
      <Filter>Header Files</Filter>
    </ClInclude>
    <ClInclude Include="vRenderer\include\vulkan\VulkanRenderer.h">
      <Filter>Header Files</Filter>
    </ClInclude>
    <ClInclude Include="vRenderer\include\vulkan\VulkanUtils.h">
      <Filter>Header Files</Filter>
    </ClInclude>
    <ClInclude Include="vRenderer\include\display_settings.h">
      <Filter>Header Files</Filter>
    </ClInclude>
    <ClInclude Include="vRenderer\include\OrbitCamera.h">
      <Filter>Header Files</Filter>
    </ClInclude>
    <ClInclude Include="vRenderer\src\imgui\imgui_helper.h">
      <Filter>Header Files</Filter>
    </ClInclude>
    <ClInclude Include="vRenderer\include\editor_settings.h">
      <Filter>Header Files</Filter>
    </ClInclude>
    <ClInclude Include="vRenderer\include\Application.h">
      <Filter>Header Files</Filter>
    </ClInclude>
    <ClInclude Include="vRenderer\include\AppContext.h">
      <Filter>Header Files</Filter>
    </ClInclude>
    <ClInclude Include="vRenderer\include\VkModel.h">
      <Filter>Header Files</Filter>
    </ClInclude>
    <ClInclude Include="vRenderer\include\vulkan\VkTexture.h">
      <Filter>Header Files</Filter>
    </ClInclude>
    <ClInclude Include="vRenderer\src\BaseCamera.h">
      <Filter>Header Files</Filter>
    </ClInclude>
    <ClInclude Include="vRenderer\include\FpvCamera.h">
      <Filter>Header Files</Filter>
    </ClInclude>
    <ClInclude Include="vRenderer\include\input_handler.h">
      <Filter>Header Files</Filter>
    </ClInclude>
    <ClInclude Include="vRenderer\include\Event.h">
      <Filter>Header Files</Filter>
    </ClInclude>
    <ClInclude Include="vRenderer\include\IRenderer.h">
      <Filter>Header Files</Filter>
    </ClInclude>
    <ClInclude Include="vRenderer\include\OpenGLRenderer.h">
      <Filter>Header Files</Filter>
    </ClInclude>
    <ClInclude Include="vRenderer\include\opengl\GLUtils.h">
      <Filter>Header Files</Filter>
    </ClInclude>
    <ClInclude Include="vRenderer\include\opengl\GLMesh.h">
      <Filter>Header Files</Filter>
    </ClInclude>
    <ClInclude Include="vRenderer\include\opengl\GLTexture.h">
      <Filter>Header Files</Filter>
    </ClInclude>
    <ClInclude Include="vRenderer\src\GLModel.h">
      <Filter>Header Files</Filter>
    </ClInclude>
    <ClInclude Include="vRenderer\externals\imgui\backends\imgui_impl_opengl3.h">
      <Filter>Header Files</Filter>
    </ClInclude>
    <ClInclude Include="vRenderer\externals\imgui\backends\imgui_impl_opengl3_loader.h">
      <Filter>Header Files</Filter>
    </ClInclude>
    <ClInclude Include="vRenderer\include\json.hpp">
      <Filter>Header Files</Filter>
    </ClInclude>
    <ClInclude Include="vRenderer\include\RenderSettings.h">
      <Filter>Header Files</Filter>
    </ClInclude>
    <ClInclude Include="vRenderer\include\opengl\GLShader.h">
      <Filter>Header Files</Filter>
    </ClInclude>
    <ClInclude Include="vRenderer\include\Lighting.h">
      <Filter>Header Files</Filter>
    </ClInclude>
    <ClInclude Include="vRenderer\include\Material.h">
      <Filter>Header Files</Filter>
    </ClInclude>
    <ClInclude Include="vRenderer\include\GLMaterial.h">
      <Filter>Header Files</Filter>
    </ClInclude>
    <ClInclude Include="vRenderer\include\vulkan\VkMaterial.h">
      <Filter>Header Files</Filter>
    </ClInclude>
    <ClInclude Include="vRenderer\include\vulkan\VkUniform.hpp">
      <Filter>Header Files</Filter>
    </ClInclude>
  </ItemGroup>
</Project>